Microsoft Visual Studio Solution File, Format Version 12.00
# Visual Studio Version 17
VisualStudioVersion = 17.5.2.0
MinimumVisualStudioVersion = 10.0.40219.1
Project("{FAE04EC0-301F-11D3-BF4B-00C04F79EFBC}") = "MemoryCardGame", "MemoryCardGame.csproj", "{E12B477B-C7B6-DC89-A485-DFC12754DD87}"
EndProject
Global
	GlobalSection(SolutionConfigurationPlatforms) = preSolution
		Debug|Any CPU = Debug|Any CPU
		Release|Any CPU = Release|Any CPU
	EndGlobalSection
	GlobalSection(ProjectConfigurationPlatforms) = postSolution
		{E12B477B-C7B6-DC89-A485-DFC12754DD87}.Debug|Any CPU.ActiveCfg = Debug|Any CPU
		{E12B477B-C7B6-DC89-A485-DFC12754DD87}.Debug|Any CPU.Build.0 = Debug|Any CPU
		{E12B477B-C7B6-DC89-A485-DFC12754DD87}.Release|Any CPU.ActiveCfg = Release|Any CPU
		{E12B477B-C7B6-DC89-A485-DFC12754DD87}.Release|Any CPU.Build.0 = Release|Any CPU
	EndGlobalSection
	GlobalSection(SolutionProperties) = preSolution
		HideSolutionNode = FALSE
	EndGlobalSection
	GlobalSection(ExtensibilityGlobals) = postSolution
		SolutionGuid = {E19CB6BC-AD44-4CE6-B715-EBB0644EC7CC}
	EndGlobalSection
EndGlobal
